<Solution>
  <Folder Name="/Tests/">
    <Project Path="src/management/tests/MonoCloud.Management.UnitTests/MonoCloud.Management.UnitTests.csproj" />
  </Folder>
  <Project Path="src/core/MonoCloud.Management.Core.csproj" />
  <Project Path="src/management/src/MonoCloud.Management.csproj" />
</Solution>
